// !$*UTF8*$!
{
	archiveVersion = 1;
	classes = {
	};
	objectVersion = 50;
	objects = {

/* Begin PBXBuildFile section */
		258E60DF252E3FD600805B86 /* AppDelegate.swift in Sources */ = {isa = PBXBuildFile; fileRef = 258E60DE252E3FD600805B86 /* AppDelegate.swift */; };
		258E60E1252E3FD600805B86 /* SceneDelegate.swift in Sources */ = {isa = PBXBuildFile; fileRef = 258E60E0252E3FD600805B86 /* SceneDelegate.swift */; };
		258E60E3252E3FD600805B86 /* ViewController.swift in Sources */ = {isa = PBXBuildFile; fileRef = 258E60E2252E3FD600805B86 /* ViewController.swift */; };
		258E60E6252E3FD600805B86 /* Main.storyboard in Resources */ = {isa = PBXBuildFile; fileRef = 258E60E4252E3FD600805B86 /* Main.storyboard */; };
		258E60E8252E3FD700805B86 /* Assets.xcassets in Resources */ = {isa = PBXBuildFile; fileRef = 258E60E7252E3FD700805B86 /* Assets.xcassets */; };
		258E60EB252E3FD700805B86 /* LaunchScreen.storyboard in Resources */ = {isa = PBXBuildFile; fileRef = 258E60E9252E3FD700805B86 /* LaunchScreen.storyboard */; };
/* End PBXBuildFile section */

/* Begin PBXFileReference section */
		258E60DB252E3FD600805B86 /* AutoLayoutFun.app */ = {isa = PBXFileReference; explicitFileType = wrapper.application; includeInIndex = 0; path = AutoLayoutFun.app; sourceTree = BUILT_PRODUCTS_DIR; };
		258E60DE252E3FD600805B86 /* AppDelegate.swift */ = {isa = PBXFileReference; lastKnownFileType = sourcecode.swift; path = AppDelegate.swift; sourceTree = "<group>"; };
		258E60E0252E3FD600805B86 /* SceneDelegate.swift */ = {isa = PBXFileReference; lastKnownFileType = sourcecode.swift; path = SceneDelegate.swift; sourceTree = "<group>"; };
		258E60E2252E3FD600805B86 /* ViewController.swift */ = {isa = PBXFileReference; lastKnownFileType = sourcecode.swift; path = ViewController.swift; sourceTree = "<group>"; };
		258E60E5252E3FD600805B86 /* Base */ = {isa = PBXFileReference; lastKnownFileType = file.storyboard; name = Base; path = Base.lproj/Main.storyboard; sourceTree = "<group>"; };
		258E60E7252E3FD700805B86 /* Assets.xcassets */ = {isa = PBXFileReference; lastKnownFileType = folder.assetcatalog; path = Assets.xcassets; sourceTree = "<group>"; };
		258E60EA252E3FD700805B86 /* Base */ = {isa = PBXFileReference; lastKnownFileType = file.storyboard; name = Base; path = Base.lproj/LaunchScreen.storyboard; sourceTree = "<group>"; };
		258E60EC252E3FD700805B86 /* Info.plist */ = {isa = PBXFileReference; lastKnownFileType = text.plist.xml; path = Info.plist; sourceTree = "<group>"; };
/* End PBXFileReference section */

/* Begin PBXFrameworksBuildPhase section */
		258E60D8252E3FD600805B86 /* Frameworks */ = {
			isa = PBXFrameworksBuildPhase;
			buildActionMask = 2147483647;
			files = (
			);
			runOnlyForDeploymentPostprocessing = 0;
		};
/* End PBXFrameworksBuildPhase section */

/* Begin PBXGroup section */
		258E60D2252E3FD600805B86 = {
			isa = PBXGroup;
			children = (
				258E60DD252E3FD600805B86 /* AutoLayoutFun */,
				258E60DC252E3FD600805B86 /* Products */,
			);
			sourceTree = "<group>";
		};
		258E60DC252E3FD600805B86 /* Products */ = {
			isa = PBXGroup;
			children = (
				258E60DB252E3FD600805B86 /* AutoLayoutFun.app */,
			);
			name = Products;
			sourceTree = "<group>";
		};
		258E60DD252E3FD600805B86 /* AutoLayoutFun */ = {
			isa = PBXGroup;
			children = (
				258E60DE252E3FD600805B86 /* AppDelegate.swift */,
				258E60E0252E3FD600805B86 /* SceneDelegate.swift */,
				258E60E2252E3FD600805B86 /* ViewController.swift */,
				258E60E4252E3FD600805B86 /* Main.storyboard */,
				258E60E7252E3FD700805B86 /* Assets.xcassets */,
				258E60E9252E3FD700805B86 /* LaunchScreen.storyboard */,
				258E60EC252E3FD700805B86 /* Info.plist */,
			);
			path = AutoLayoutFun;
			sourceTree = "<group>";
		};
/* End PBXGroup section */

/* Begin PBXNativeTarget section */
		258E60DA252E3FD600805B86 /* AutoLayoutFun */ = {
			isa = PBXNativeTarget;
			buildConfigurationList = 258E60EF252E3FD700805B86 /* Build configuration list for PBXNativeTarget "AutoLayoutFun" */;
			buildPhases = (
				258E60D7252E3FD600805B86 /* Sources */,
				258E60D8252E3FD600805B86 /* Frameworks */,
				258E60D9252E3FD600805B86 /* Resources */,
			);
			buildRules = (
			);
			dependencies = (
			);
			name = AutoLayoutFun;
			productName = AutoLayoutFun;
			productReference = 258E60DB252E3FD600805B86 /* AutoLayoutFun.app */;
			productType = "com.apple.product-type.application";
		};
/* End PBXNativeTarget section */

/* Begin PBXProject section */
		258E60D3252E3FD600805B86 /* Project object */ = {
			isa = PBXProject;
			attributes = {
				LastSwiftUpdateCheck = 1130;
				LastUpgradeCheck = 1130;
				ORGANIZATIONNAME = "Gharin Pautz";
				TargetAttributes = {
					258E60DA252E3FD600805B86 = {
						CreatedOnToolsVersion = 11.3.1;
					};
				};
			};
			buildConfigurationList = 258E60D6252E3FD600805B86 /* Build configuration list for PBXProject "AutoLayoutFun" */;
			compatibilityVersion = "Xcode 9.3";
			developmentRegion = en;
			hasScannedForEncodings = 0;
			knownRegions = (
				en,
				Base,
			);
			mainGroup = 258E60D2252E3FD600805B86;
			productRefGroup = 258E60DC252E3FD600805B86 /* Products */;
			projectDirPath = "";
			projectRoot = "";
			targets = (
				258E60DA252E3FD600805B86 /* AutoLayoutFun */,
			);
		};
/* End PBXProject section */

/* Begin PBXResourcesBuildPhase section */
		258E60D9252E3FD600805B86 /* Resources */ = {
			isa = PBXResourcesBuildPhase;
			buildActionMask = 2147483647;
			files = (
				258E60EB252E3FD700805B86 /* LaunchScreen.storyboard in Resources */,
				258E60E8252E3FD700805B86 /* Assets.xcassets in Resources */,
				258E60E6252E3FD600805B86 /* Main.storyboard in Resources */,
			);
			runOnlyForDeploymentPostprocessing = 0;
		};
/* End PBXResourcesBuildPhase section */

/* Begin PBXSourcesBuildPhase section */
		258E60D7252E3FD600805B86 /* Sources */ = {
			isa = PBXSourcesBuildPhase;
			buildActionMask = 2147483647;
			files = (
				258E60E3252E3FD600805B86 /* ViewController.swift in Sources */,
				258E60DF252E3FD600805B86 /* AppDelegate.swift in Sources */,
				258E60E1252E3FD600805B86 /* SceneDelegate.swift in Sources */,
			);
			runOnlyForDeploymentPostprocessing = 0;
		};
/* End PBXSourcesBuildPhase section */

/* Begin PBXVariantGroup section */
		258E60E4252E3FD600805B86 /* Main.storyboard */ = {
			isa = PBXVariantGroup;
			children = (
				258E60E5252E3FD600805B86 /* Base */,
			);
			name = Main.storyboard;
			sourceTree = "<group>";
		};
		258E60E9252E3FD700805B86 /* LaunchScreen.storyboard */ = {
			isa = PBXVariantGroup;
			children = (
				258E60EA252E3FD700805B86 /* Base */,
			);
			name = LaunchScreen.storyboard;
			sourceTree = "<group>";
		};
/* End PBXVariantGroup section */

/* Begin XCBuildConfiguration section */
		258E60ED252E3FD700805B86 /* Debug */ = {
			isa = XCBuildConfiguration;
			buildSettings = {
				ALWAYS_SEARCH_USER_PATHS = NO;
				CLANG_ANALYZER_NONNULL = YES;
				CLANG_ANALYZER_NUMBER_OBJECT_CONVERSION = YES_AGGRESSIVE;
				CLANG_CXX_LANGUAGE_STANDARD = "gnu++14";
				CLANG_CXX_LIBRARY = "libc++";
				CLANG_ENABLE_MODULES = YES;
				CLANG_ENABLE_OBJC_ARC = YES;
				CLANG_ENABLE_OBJC_WEAK = YES;
				CLANG_WARN_BLOCK_CAPTURE_AUTORELEASING = YES;
				CLANG_WARN_BOOL_CONVERSION = YES;
				CLANG_WARN_COMMA = YES;
				CLANG_WARN_CONSTANT_CONVERSION = YES;
				CLANG_WARN_DEPRECATED_OBJC_IMPLEMENTATIONS = YES;
				CLANG_WARN_DIRECT_OBJC_ISA_USAGE = YES_ERROR;
				CLANG_WARN_DOCUMENTATION_COMMENTS = YES;
				CLANG_WARN_EMPTY_BODY = YES;
				CLANG_WARN_ENUM_CONVERSION = YES;
				CLANG_WARN_INFINITE_RECURSION = YES;
				CLANG_WARN_INT_CONVERSION = YES;
				CLANG_WARN_NON_LITERAL_NULL_CONVERSION = YES;
				CLANG_WARN_OBJC_IMPLICIT_RETAIN_SELF = YES;
				CLANG_WARN_OBJC_LITERAL_CONVERSION = YES;
				CLANG_WARN_OBJC_ROOT_CLASS = YES_ERROR;
				CLANG_WARN_RANGE_LOOP_ANALYSIS = YES;
				CLANG_WARN_STRICT_PROTOTYPES = YES;
				CLANG_WARN_SUSPICIOUS_MOVE = YES;
				CLANG_WARN_UNGUARDED_AVAILABILITY = YES_AGGRESSIVE;
				CLANG_WARN_UNREACHABLE_CODE = YES;
				CLANG_WARN__DUPLICATE_METHOD_MATCH = YES;
				COPY_PHASE_STRIP = NO;
				DEBUG_INFORMATION_FORMAT = dwarf;
				ENABLE_STRICT_OBJC_MSGSEND = YES;
				ENABLE_TESTABILITY = YES;
				GCC_C_LANGUAGE_STANDARD = gnu11;
				GCC_DYNAMIC_NO_PIC = NO;
				GCC_NO_COMMON_BLOCKS = YES;
				GCC_OPTIMIZATION_LEVEL = 0;
				GCC_PREPROCESSOR_DEFINITIONS = (
					"DEBUG=1",
					"$(inherited)",
				);
				GCC_WARN_64_TO_32_BIT_CONVERSION = YES;
				GCC_WARN_ABOUT_RETURN_TYPE = YES_ERROR;
				GCC_WARN_UNDECLARED_SELECTOR = YES;
				GCC_WARN_UNINITIALIZED_AUTOS = YES_AGGRESSIVE;
				GCC_WARN_UNUSED_FUNCTION = YES;
				GCC_WARN_UNUSED_VARIABLE = YES;
				IPHONEOS_DEPLOYMENT_TARGET = 13.2;
				MTL_ENABLE_DEBUG_INFO = INCLUDE_SOURCE;
				MTL_FAST_MATH = YES;
				ONLY_ACTIVE_ARCH = YES;
				SDKROOT = iphoneos;
				SWIFT_ACTIVE_COMPILATION_CONDITIONS = DEBUG;
				SWIFT_OPTIMIZATION_LEVEL = "-Onone";
			};
			name = Debug;
		};
		258E60EE252E3FD700805B86 /* Release */ = {
			isa = XCBuildConfiguration;
			buildSettings = {
				ALWAYS_SEARCH_USER_PATHS = NO;
				CLANG_ANALYZER_NONNULL = YES;
				CLANG_ANALYZER_NUMBER_OBJECT_CONVERSION = YES_AGGRESSIVE;
				CLANG_CXX_LANGUAGE_STANDARD = "gnu++14";
				CLANG_CXX_LIBRARY = "libc++";
				CLANG_ENABLE_MODULES = YES;
				CLANG_ENABLE_OBJC_ARC = YES;
				CLANG_ENABLE_OBJC_WEAK = YES;
				CLANG_WARN_BLOCK_CAPTURE_AUTORELEASING = YES;
				CLANG_WARN_BOOL_CONVERSION = YES;
				CLANG_WARN_COMMA = YES;
				CLANG_WARN_CONSTANT_CONVERSION = YES;
				CLANG_WARN_DEPRECATED_OBJC_IMPLEMENTATIONS = YES;
				CLANG_WARN_DIRECT_OBJC_ISA_USAGE = YES_ERROR;
				CLANG_WARN_DOCUMENTATION_COMMENTS = YES;
				CLANG_WARN_EMPTY_BODY = YES;
				CLANG_WARN_ENUM_CONVERSION = YES;
				CLANG_WARN_INFINITE_RECURSION = YES;
				CLANG_WARN_INT_CONVERSION = YES;
				CLANG_WARN_NON_LITERAL_NULL_CONVERSION = YES;
				CLANG_WARN_OBJC_IMPLICIT_RETAIN_SELF = YES;
				CLANG_WARN_OBJC_LITERAL_CONVERSION = YES;
				CLANG_WARN_OBJC_ROOT_CLASS = YES_ERROR;
				CLANG_WARN_RANGE_LOOP_ANALYSIS = YES;
				CLANG_WARN_STRICT_PROTOTYPES = YES;
				CLANG_WARN_SUSPICIOUS_MOVE = YES;
				CLANG_WARN_UNGUARDED_AVAILABILITY = YES_AGGRESSIVE;
				CLANG_WARN_UNREACHABLE_CODE = YES;
				CLANG_WARN__DUPLICATE_METHOD_MATCH = YES;
				COPY_PHASE_STRIP = NO;
				DEBUG_INFORMATION_FORMAT = "dwarf-with-dsym";
				ENABLE_NS_ASSERTIONS = NO;
				ENABLE_STRICT_OBJC_MSGSEND = YES;
				GCC_C_LANGUAGE_STANDARD = gnu11;
				GCC_NO_COMMON_BLOCKS = YES;
				GCC_WARN_64_TO_32_BIT_CONVERSION = YES;
				GCC_WARN_ABOUT_RETURN_TYPE = YES_ERROR;
				GCC_WARN_UNDECLARED_SELECTOR = YES;
				GCC_WARN_UNINITIALIZED_AUTOS = YES_AGGRESSIVE;
				GCC_WARN_UNUSED_FUNCTION = YES;
				GCC_WARN_UNUSED_VARIABLE = YES;
				IPHONEOS_DEPLOYMENT_TARGET = 13.2;
				MTL_ENABLE_DEBUG_INFO = NO;
				MTL_FAST_MATH = YES;
				SDKROOT = iphoneos;
				SWIFT_COMPILATION_MODE = wholemodule;
				SWIFT_OPTIMIZATION_LEVEL = "-O";
				VALIDATE_PRODUCT = YES;
			};
			name = Release;
		};
		258E60F0252E3FD700805B86 /* Debug */ = {
			isa = XCBuildConfiguration;
			buildSettings = {
				ASSETCATALOG_COMPILER_APPICON_NAME = AppIcon;
				CODE_SIGN_STYLE = Automatic;
				DEVELOPMENT_TEAM = GUYPJD4NUE;
				INFOPLIST_FILE = AutoLayoutFun/Info.plist;
				LD_RUNPATH_SEARCH_PATHS = (
					"$(inherited)",
					"@executable_path/Frameworks",
				);
				PRODUCT_BUNDLE_IDENTIFIER = com.example.AutoLayoutFun;
				PRODUCT_NAME = "$(TARGET_NAME)";
				SWIFT_VERSION = 5.0;
				TARGETED_DEVICE_FAMILY = "1,2";
			};
			name = Debug;
		};
		258E60F1252E3FD700805B86 /* Release */ = {
			isa = XCBuildConfiguration;
			buildSettings = {
				ASSETCATALOG_COMPILER_APPICON_NAME = AppIcon;
				CODE_SIGN_STYLE = Automatic;
				DEVELOPMENT_TEAM = GUYPJD4NUE;
				INFOPLIST_FILE = AutoLayoutFun/Info.plist;
				LD_RUNPATH_SEARCH_PATHS = (
					"$(inherited)",
					"@executable_path/Frameworks",
				);
				PRODUCT_BUNDLE_IDENTIFIER = com.example.AutoLayoutFun;
				PRODUCT_NAME = "$(TARGET_NAME)";
				SWIFT_VERSION = 5.0;
				TARGETED_DEVICE_FAMILY = "1,2";
			};
			name = Release;
		};
/* End XCBuildConfiguration section */

/* Begin XCConfigurationList section */
		258E60D6252E3FD600805B86 /* Build configuration list for PBXProject "AutoLayoutFun" */ = {
			isa = XCConfigurationList;
			buildConfigurations = (
				258E60ED252E3FD700805B86 /* Debug */,
				258E60EE252E3FD700805B86 /* Release */,
			);
			defaultConfigurationIsVisible = 0;
			defaultConfigurationName = Release;
		};
		258E60EF252E3FD700805B86 /* Build configuration list for PBXNativeTarget "AutoLayoutFun" */ = {
			isa = XCConfigurationList;
			buildConfigurations = (
				258E60F0252E3FD700805B86 /* Debug */,
				258E60F1252E3FD700805B86 /* Release */,
			);
			defaultConfigurationIsVisible = 0;
			defaultConfigurationName = Release;
		};
/* End XCConfigurationList section */
	};
	rootObject = 258E60D3252E3FD600805B86 /* Project object */;
}
